// !$*UTF8*$!
{
	archiveVersion = 1;
	classes = {
	};
	objectVersion = 56;
	objects = {

/* Begin PBXBuildFile section */
		3A74723B291D885500C5000D /* blueRouteApp.swift in Sources */ = {isa = PBXBuildFile; fileRef = 3A74723A291D885500C5000D /* blueRouteApp.swift */; };
		3A74723D291D885500C5000D /* ContentView.swift in Sources */ = {isa = PBXBuildFile; fileRef = 3A74723C291D885500C5000D /* ContentView.swift */; };
		3A74723F291D885600C5000D /* Assets.xcassets in Resources */ = {isa = PBXBuildFile; fileRef = 3A74723E291D885600C5000D /* Assets.xcassets */; };
		3A747242291D885600C5000D /* Preview Assets.xcassets in Resources */ = {isa = PBXBuildFile; fileRef = 3A747241291D885600C5000D /* Preview Assets.xcassets */; };
		3A74724C291D885600C5000D /* blueRouteTests.swift in Sources */ = {isa = PBXBuildFile; fileRef = 3A74724B291D885600C5000D /* blueRouteTests.swift */; };
		3A747256291D885600C5000D /* blueRouteUITests.swift in Sources */ = {isa = PBXBuildFile; fileRef = 3A747255291D885600C5000D /* blueRouteUITests.swift */; };
		3A747258291D885600C5000D /* blueRouteUITestsLaunchTests.swift in Sources */ = {isa = PBXBuildFile; fileRef = 3A747257291D885600C5000D /* blueRouteUITestsLaunchTests.swift */; };
/* End PBXBuildFile section */

/* Begin PBXContainerItemProxy section */
		3A747248291D885600C5000D /* PBXContainerItemProxy */ = {
			isa = PBXContainerItemProxy;
			containerPortal = 3A74722F291D885500C5000D /* Project object */;
			proxyType = 1;
			remoteGlobalIDString = 3A747236291D885500C5000D;
			remoteInfo = blueRoute;
		};
		3A747252291D885600C5000D /* PBXContainerItemProxy */ = {
			isa = PBXContainerItemProxy;
			containerPortal = 3A74722F291D885500C5000D /* Project object */;
			proxyType = 1;
			remoteGlobalIDString = 3A747236291D885500C5000D;
			remoteInfo = blueRoute;
		};
/* End PBXContainerItemProxy section */

/* Begin PBXFileReference section */
		3A747237291D885500C5000D /* blueRoute.app */ = {isa = PBXFileReference; explicitFileType = wrapper.application; includeInIndex = 0; path = blueRoute.app; sourceTree = BUILT_PRODUCTS_DIR; };
		3A74723A291D885500C5000D /* blueRouteApp.swift */ = {isa = PBXFileReference; lastKnownFileType = sourcecode.swift; path = blueRouteApp.swift; sourceTree = "<group>"; };
		3A74723C291D885500C5000D /* ContentView.swift */ = {isa = PBXFileReference; lastKnownFileType = sourcecode.swift; path = ContentView.swift; sourceTree = "<group>"; };
		3A74723E291D885600C5000D /* Assets.xcassets */ = {isa = PBXFileReference; lastKnownFileType = folder.assetcatalog; path = Assets.xcassets; sourceTree = "<group>"; };
		3A747241291D885600C5000D /* Preview Assets.xcassets */ = {isa = PBXFileReference; lastKnownFileType = folder.assetcatalog; path = "Preview Assets.xcassets"; sourceTree = "<group>"; };
		3A747247291D885600C5000D /* blueRouteTests.xctest */ = {isa = PBXFileReference; explicitFileType = wrapper.cfbundle; includeInIndex = 0; path = blueRouteTests.xctest; sourceTree = BUILT_PRODUCTS_DIR; };
		3A74724B291D885600C5000D /* blueRouteTests.swift */ = {isa = PBXFileReference; lastKnownFileType = sourcecode.swift; path = blueRouteTests.swift; sourceTree = "<group>"; };
		3A747251291D885600C5000D /* blueRouteUITests.xctest */ = {isa = PBXFileReference; explicitFileType = wrapper.cfbundle; includeInIndex = 0; path = blueRouteUITests.xctest; sourceTree = BUILT_PRODUCTS_DIR; };
		3A747255291D885600C5000D /* blueRouteUITests.swift */ = {isa = PBXFileReference; lastKnownFileType = sourcecode.swift; path = blueRouteUITests.swift; sourceTree = "<group>"; };
		3A747257291D885600C5000D /* blueRouteUITestsLaunchTests.swift */ = {isa = PBXFileReference; lastKnownFileType = sourcecode.swift; path = blueRouteUITestsLaunchTests.swift; sourceTree = "<group>"; };
/* End PBXFileReference section */

/* Begin PBXFrameworksBuildPhase section */
		3A747234291D885500C5000D /* Frameworks */ = {
			isa = PBXFrameworksBuildPhase;
			buildActionMask = 2147483647;
			files = (
			);
			runOnlyForDeploymentPostprocessing = 0;
		};
		3A747244291D885600C5000D /* Frameworks */ = {
			isa = PBXFrameworksBuildPhase;
			buildActionMask = 2147483647;
			files = (
			);
			runOnlyForDeploymentPostprocessing = 0;
		};
		3A74724E291D885600C5000D /* Frameworks */ = {
			isa = PBXFrameworksBuildPhase;
			buildActionMask = 2147483647;
			files = (
			);
			runOnlyForDeploymentPostprocessing = 0;
		};
/* End PBXFrameworksBuildPhase section */

/* Begin PBXGroup section */
		3A74722E291D885500C5000D = {
			isa = PBXGroup;
			children = (
				3A747239291D885500C5000D /* blueRoute */,
				3A74724A291D885600C5000D /* blueRouteTests */,
				3A747254291D885600C5000D /* blueRouteUITests */,
				3A747238291D885500C5000D /* Products */,
			);
			sourceTree = "<group>";
		};
		3A747238291D885500C5000D /* Products */ = {
			isa = PBXGroup;
			children = (
				3A747237291D885500C5000D /* blueRoute.app */,
				3A747247291D885600C5000D /* blueRouteTests.xctest */,
				3A747251291D885600C5000D /* blueRouteUITests.xctest */,
			);
			name = Products;
			sourceTree = "<group>";
		};
		3A747239291D885500C5000D /* blueRoute */ = {
			isa = PBXGroup;
			children = (
				3A74723A291D885500C5000D /* blueRouteApp.swift */,
				3A74723C291D885500C5000D /* ContentView.swift */,
				3A74723E291D885600C5000D /* Assets.xcassets */,
				3A747240291D885600C5000D /* Preview Content */,
			);
			path = blueRoute;
			sourceTree = "<group>";
		};
		3A747240291D885600C5000D /* Preview Content */ = {
			isa = PBXGroup;
			children = (
				3A747241291D885600C5000D /* Preview Assets.xcassets */,
			);
			path = "Preview Content";
			sourceTree = "<group>";
		};
		3A74724A291D885600C5000D /* blueRouteTests */ = {
			isa = PBXGroup;
			children = (
				3A74724B291D885600C5000D /* blueRouteTests.swift */,
			);
			path = blueRouteTests;
			sourceTree = "<group>";
		};
		3A747254291D885600C5000D /* blueRouteUITests */ = {
			isa = PBXGroup;
			children = (
				3A747255291D885600C5000D /* blueRouteUITests.swift */,
				3A747257291D885600C5000D /* blueRouteUITestsLaunchTests.swift */,
			);
			path = blueRouteUITests;
			sourceTree = "<group>";
		};
/* End PBXGroup section */

/* Begin PBXNativeTarget section */
		3A747236291D885500C5000D /* blueRoute */ = {
			isa = PBXNativeTarget;
			buildConfigurationList = 3A74725B291D885600C5000D /* Build configuration list for PBXNativeTarget "blueRoute" */;
			buildPhases = (
				3A747233291D885500C5000D /* Sources */,
				3A747234291D885500C5000D /* Frameworks */,
				3A747235291D885500C5000D /* Resources */,
			);
			buildRules = (
			);
			dependencies = (
			);
			name = blueRoute;
			productName = blueRoute;
			productReference = 3A747237291D885500C5000D /* blueRoute.app */;
			productType = "com.apple.product-type.application";
		};
		3A747246291D885600C5000D /* blueRouteTests */ = {
			isa = PBXNativeTarget;
			buildConfigurationList = 3A74725E291D885600C5000D /* Build configuration list for PBXNativeTarget "blueRouteTests" */;
			buildPhases = (
				3A747243291D885600C5000D /* Sources */,
				3A747244291D885600C5000D /* Frameworks */,
				3A747245291D885600C5000D /* Resources */,
			);
			buildRules = (
			);
			dependencies = (
				3A747249291D885600C5000D /* PBXTargetDependency */,
			);
			name = blueRouteTests;
			productName = blueRouteTests;
			productReference = 3A747247291D885600C5000D /* blueRouteTests.xctest */;
			productType = "com.apple.product-type.bundle.unit-test";
		};
		3A747250291D885600C5000D /* blueRouteUITests */ = {
			isa = PBXNativeTarget;
			buildConfigurationList = 3A747261291D885600C5000D /* Build configuration list for PBXNativeTarget "blueRouteUITests" */;
			buildPhases = (
				3A74724D291D885600C5000D /* Sources */,
				3A74724E291D885600C5000D /* Frameworks */,
				3A74724F291D885600C5000D /* Resources */,
			);
			buildRules = (
			);
			dependencies = (
				3A747253291D885600C5000D /* PBXTargetDependency */,
			);
			name = blueRouteUITests;
			productName = blueRouteUITests;
			productReference = 3A747251291D885600C5000D /* blueRouteUITests.xctest */;
			productType = "com.apple.product-type.bundle.ui-testing";
		};
/* End PBXNativeTarget section */

/* Begin PBXProject section */
		3A74722F291D885500C5000D /* Project object */ = {
			isa = PBXProject;
			attributes = {
				BuildIndependentTargetsInParallel = 1;
				LastSwiftUpdateCheck = 1410;
				LastUpgradeCheck = 1410;
				TargetAttributes = {
					3A747236291D885500C5000D = {
						CreatedOnToolsVersion = 14.1;
					};
					3A747246291D885600C5000D = {
						CreatedOnToolsVersion = 14.1;
						TestTargetID = 3A747236291D885500C5000D;
					};
					3A747250291D885600C5000D = {
						CreatedOnToolsVersion = 14.1;
						TestTargetID = 3A747236291D885500C5000D;
					};
				};
			};
			buildConfigurationList = 3A747232291D885500C5000D /* Build configuration list for PBXProject "blueRoute" */;
			compatibilityVersion = "Xcode 14.0";
			developmentRegion = en;
			hasScannedForEncodings = 0;
			knownRegions = (
				en,
				Base,
			);
			mainGroup = 3A74722E291D885500C5000D;
			productRefGroup = 3A747238291D885500C5000D /* Products */;
			projectDirPath = "";
			projectRoot = "";
			targets = (
				3A747236291D885500C5000D /* blueRoute */,
				3A747246291D885600C5000D /* blueRouteTests */,
				3A747250291D885600C5000D /* blueRouteUITests */,
			);
		};
/* End PBXProject section */

/* Begin PBXResourcesBuildPhase section */
		3A747235291D885500C5000D /* Resources */ = {
			isa = PBXResourcesBuildPhase;
			buildActionMask = 2147483647;
			files = (
				3A747242291D885600C5000D /* Preview Assets.xcassets in Resources */,
				3A74723F291D885600C5000D /* Assets.xcassets in Resources */,
			);
			runOnlyForDeploymentPostprocessing = 0;
		};
		3A747245291D885600C5000D /* Resources */ = {
			isa = PBXResourcesBuildPhase;
			buildActionMask = 2147483647;
			files = (
			);
			runOnlyForDeploymentPostprocessing = 0;
		};
		3A74724F291D885600C5000D /* Resources */ = {
			isa = PBXResourcesBuildPhase;
			buildActionMask = 2147483647;
			files = (
			);
			runOnlyForDeploymentPostprocessing = 0;
		};
/* End PBXResourcesBuildPhase section */

/* Begin PBXSourcesBuildPhase section */
		3A747233291D885500C5000D /* Sources */ = {
			isa = PBXSourcesBuildPhase;
			buildActionMask = 2147483647;
			files = (
				3A74723D291D885500C5000D /* ContentView.swift in Sources */,
				3A74723B291D885500C5000D /* blueRouteApp.swift in Sources */,
			);
			runOnlyForDeploymentPostprocessing = 0;
		};
		3A747243291D885600C5000D /* Sources */ = {
			isa = PBXSourcesBuildPhase;
			buildActionMask = 2147483647;
			files = (
				3A74724C291D885600C5000D /* blueRouteTests.swift in Sources */,
			);
			runOnlyForDeploymentPostprocessing = 0;
		};
		3A74724D291D885600C5000D /* Sources */ = {
			isa = PBXSourcesBuildPhase;
			buildActionMask = 2147483647;
			files = (
				3A747258291D885600C5000D /* blueRouteUITestsLaunchTests.swift in Sources */,
				3A747256291D885600C5000D /* blueRouteUITests.swift in Sources */,
			);
			runOnlyForDeploymentPostprocessing = 0;
		};
/* End PBXSourcesBuildPhase section */

/* Begin PBXTargetDependency section */
		3A747249291D885600C5000D /* PBXTargetDependency */ = {
			isa = PBXTargetDependency;
			target = 3A747236291D885500C5000D /* blueRoute */;
			targetProxy = 3A747248291D885600C5000D /* PBXContainerItemProxy */;
		};
		3A747253291D885600C5000D /* PBXTargetDependency */ = {
			isa = PBXTargetDependency;
			target = 3A747236291D885500C5000D /* blueRoute */;
			targetProxy = 3A747252291D885600C5000D /* PBXContainerItemProxy */;
		};
/* End PBXTargetDependency section */

/* Begin XCBuildConfiguration section */
		3A747259291D885600C5000D /* Debug */ = {
			isa = XCBuildConfiguration;
			buildSettings = {
				ALWAYS_SEARCH_USER_PATHS = NO;
				CLANG_ANALYZER_NONNULL = YES;
				CLANG_ANALYZER_NUMBER_OBJECT_CONVERSION = YES_AGGRESSIVE;
				CLANG_CXX_LANGUAGE_STANDARD = "gnu++20";
				CLANG_ENABLE_MODULES = YES;
				CLANG_ENABLE_OBJC_ARC = YES;
				CLANG_ENABLE_OBJC_WEAK = YES;
				CLANG_WARN_BLOCK_CAPTURE_AUTORELEASING = YES;
				CLANG_WARN_BOOL_CONVERSION = YES;
				CLANG_WARN_COMMA = YES;
				CLANG_WARN_CONSTANT_CONVERSION = YES;
				CLANG_WARN_DEPRECATED_OBJC_IMPLEMENTATIONS = YES;
				CLANG_WARN_DIRECT_OBJC_ISA_USAGE = YES_ERROR;
				CLANG_WARN_DOCUMENTATION_COMMENTS = YES;
				CLANG_WARN_EMPTY_BODY = YES;
				CLANG_WARN_ENUM_CONVERSION = YES;
				CLANG_WARN_INFINITE_RECURSION = YES;
				CLANG_WARN_INT_CONVERSION = YES;
				CLANG_WARN_NON_LITERAL_NULL_CONVERSION = YES;
				CLANG_WARN_OBJC_IMPLICIT_RETAIN_SELF = YES;
				CLANG_WARN_OBJC_LITERAL_CONVERSION = YES;
				CLANG_WARN_OBJC_ROOT_CLASS = YES_ERROR;
				CLANG_WARN_QUOTED_INCLUDE_IN_FRAMEWORK_HEADER = YES;
				CLANG_WARN_RANGE_LOOP_ANALYSIS = YES;
				CLANG_WARN_STRICT_PROTOTYPES = YES;
				CLANG_WARN_SUSPICIOUS_MOVE = YES;
				CLANG_WARN_UNGUARDED_AVAILABILITY = YES_AGGRESSIVE;
				CLANG_WARN_UNREACHABLE_CODE = YES;
				CLANG_WARN__DUPLICATE_METHOD_MATCH = YES;
				COPY_PHASE_STRIP = NO;
				DEBUG_INFORMATION_FORMAT = dwarf;
				ENABLE_STRICT_OBJC_MSGSEND = YES;
				ENABLE_TESTABILITY = YES;
				GCC_C_LANGUAGE_STANDARD = gnu11;
				GCC_DYNAMIC_NO_PIC = NO;
				GCC_NO_COMMON_BLOCKS = YES;
				GCC_OPTIMIZATION_LEVEL = 0;
				GCC_PREPROCESSOR_DEFINITIONS = (
					"DEBUG=1",
					"$(inherited)",
				);
				GCC_WARN_64_TO_32_BIT_CONVERSION = YES;
				GCC_WARN_ABOUT_RETURN_TYPE = YES_ERROR;
				GCC_WARN_UNDECLARED_SELECTOR = YES;
				GCC_WARN_UNINITIALIZED_AUTOS = YES_AGGRESSIVE;
				GCC_WARN_UNUSED_FUNCTION = YES;
				GCC_WARN_UNUSED_VARIABLE = YES;
				IPHONEOS_DEPLOYMENT_TARGET = 16.1;
				MTL_ENABLE_DEBUG_INFO = INCLUDE_SOURCE;
				MTL_FAST_MATH = YES;
				ONLY_ACTIVE_ARCH = YES;
				SDKROOT = iphoneos;
				SWIFT_ACTIVE_COMPILATION_CONDITIONS = DEBUG;
				SWIFT_OPTIMIZATION_LEVEL = "-Onone";
			};
			name = Debug;
		};
		3A74725A291D885600C5000D /* Release */ = {
			isa = XCBuildConfiguration;
			buildSettings = {
				ALWAYS_SEARCH_USER_PATHS = NO;
				CLANG_ANALYZER_NONNULL = YES;
				CLANG_ANALYZER_NUMBER_OBJECT_CONVERSION = YES_AGGRESSIVE;
				CLANG_CXX_LANGUAGE_STANDARD = "gnu++20";
				CLANG_ENABLE_MODULES = YES;
				CLANG_ENABLE_OBJC_ARC = YES;
				CLANG_ENABLE_OBJC_WEAK = YES;
				CLANG_WARN_BLOCK_CAPTURE_AUTORELEASING = YES;
				CLANG_WARN_BOOL_CONVERSION = YES;
				CLANG_WARN_COMMA = YES;
				CLANG_WARN_CONSTANT_CONVERSION = YES;
				CLANG_WARN_DEPRECATED_OBJC_IMPLEMENTATIONS = YES;
				CLANG_WARN_DIRECT_OBJC_ISA_USAGE = YES_ERROR;
				CLANG_WARN_DOCUMENTATION_COMMENTS = YES;
				CLANG_WARN_EMPTY_BODY = YES;
				CLANG_WARN_ENUM_CONVERSION = YES;
				CLANG_WARN_INFINITE_RECURSION = YES;
				CLANG_WARN_INT_CONVERSION = YES;
				CLANG_WARN_NON_LITERAL_NULL_CONVERSION = YES;
				CLANG_WARN_OBJC_IMPLICIT_RETAIN_SELF = YES;
				CLANG_WARN_OBJC_LITERAL_CONVERSION = YES;
				CLANG_WARN_OBJC_ROOT_CLASS = YES_ERROR;
				CLANG_WARN_QUOTED_INCLUDE_IN_FRAMEWORK_HEADER = YES;
				CLANG_WARN_RANGE_LOOP_ANALYSIS = YES;
				CLANG_WARN_STRICT_PROTOTYPES = YES;
				CLANG_WARN_SUSPICIOUS_MOVE = YES;
				CLANG_WARN_UNGUARDED_AVAILABILITY = YES_AGGRESSIVE;
				CLANG_WARN_UNREACHABLE_CODE = YES;
				CLANG_WARN__DUPLICATE_METHOD_MATCH = YES;
				COPY_PHASE_STRIP = NO;
				DEBUG_INFORMATION_FORMAT = "dwarf-with-dsym";
				ENABLE_NS_ASSERTIONS = NO;
				ENABLE_STRICT_OBJC_MSGSEND = YES;
				GCC_C_LANGUAGE_STANDARD = gnu11;
				GCC_NO_COMMON_BLOCKS = YES;
				GCC_WARN_64_TO_32_BIT_CONVERSION = YES;
				GCC_WARN_ABOUT_RETURN_TYPE = YES_ERROR;
				GCC_WARN_UNDECLARED_SELECTOR = YES;
				GCC_WARN_UNINITIALIZED_AUTOS = YES_AGGRESSIVE;
				GCC_WARN_UNUSED_FUNCTION = YES;
				GCC_WARN_UNUSED_VARIABLE = YES;
				IPHONEOS_DEPLOYMENT_TARGET = 16.1;
				MTL_ENABLE_DEBUG_INFO = NO;
				MTL_FAST_MATH = YES;
				SDKROOT = iphoneos;
				SWIFT_COMPILATION_MODE = wholemodule;
				SWIFT_OPTIMIZATION_LEVEL = "-O";
				VALIDATE_PRODUCT = YES;
			};
			name = Release;
		};
		3A74725C291D885600C5000D /* Debug */ = {
			isa = XCBuildConfiguration;
			buildSettings = {
				ASSETCATALOG_COMPILER_APPICON_NAME = AppIcon;
				ASSETCATALOG_COMPILER_GLOBAL_ACCENT_COLOR_NAME = AccentColor;
				CODE_SIGN_STYLE = Automatic;
				CURRENT_PROJECT_VERSION = 1;
				DEVELOPMENT_ASSET_PATHS = "\"blueRoute/Preview Content\"";
				DEVELOPMENT_TEAM = 429ULDR6SS;
				ENABLE_PREVIEWS = YES;
				GENERATE_INFOPLIST_FILE = YES;
				INFOPLIST_KEY_UIApplicationSceneManifest_Generation = YES;
				INFOPLIST_KEY_UIApplicationSupportsIndirectInputEvents = YES;
				INFOPLIST_KEY_UILaunchScreen_Generation = YES;
				INFOPLIST_KEY_UISupportedInterfaceOrientations_iPad = "UIInterfaceOrientationPortrait UIInterfaceOrientationPortraitUpsideDown UIInterfaceOrientationLandscapeLeft UIInterfaceOrientationLandscapeRight";
				INFOPLIST_KEY_UISupportedInterfaceOrientations_iPhone = "UIInterfaceOrientationPortrait UIInterfaceOrientationLandscapeLeft UIInterfaceOrientationLandscapeRight";
				LD_RUNPATH_SEARCH_PATHS = (
					"$(inherited)",
					"@executable_path/Frameworks",
				);
				MARKETING_VERSION = 1.0;
				PRODUCT_BUNDLE_IDENTIFIER = none.com.blueRoute;
				PRODUCT_NAME = "$(TARGET_NAME)";
				SWIFT_EMIT_LOC_STRINGS = YES;
				SWIFT_VERSION = 5.0;
				TARGETED_DEVICE_FAMILY = "1,2";
			};
			name = Debug;
		};
		3A74725D291D885600C5000D /* Release */ = {
			isa = XCBuildConfiguration;
			buildSettings = {
				ASSETCATALOG_COMPILER_APPICON_NAME = AppIcon;
				ASSETCATALOG_COMPILER_GLOBAL_ACCENT_COLOR_NAME = AccentColor;
				CODE_SIGN_STYLE = Automatic;
				CURRENT_PROJECT_VERSION = 1;
				DEVELOPMENT_ASSET_PATHS = "\"blueRoute/Preview Content\"";
				DEVELOPMENT_TEAM = 429ULDR6SS;
				ENABLE_PREVIEWS = YES;
				GENERATE_INFOPLIST_FILE = YES;
				INFOPLIST_KEY_UIApplicationSceneManifest_Generation = YES;
				INFOPLIST_KEY_UIApplicationSupportsIndirectInputEvents = YES;
				INFOPLIST_KEY_UILaunchScreen_Generation = YES;
				INFOPLIST_KEY_UISupportedInterfaceOrientations_iPad = "UIInterfaceOrientationPortrait UIInterfaceOrientationPortraitUpsideDown UIInterfaceOrientationLandscapeLeft UIInterfaceOrientationLandscapeRight";
				INFOPLIST_KEY_UISupportedInterfaceOrientations_iPhone = "UIInterfaceOrientationPortrait UIInterfaceOrientationLandscapeLeft UIInterfaceOrientationLandscapeRight";
				LD_RUNPATH_SEARCH_PATHS = (
					"$(inherited)",
					"@executable_path/Frameworks",
				);
				MARKETING_VERSION = 1.0;
				PRODUCT_BUNDLE_IDENTIFIER = none.com.blueRoute;
				PRODUCT_NAME = "$(TARGET_NAME)";
				SWIFT_EMIT_LOC_STRINGS = YES;
				SWIFT_VERSION = 5.0;
				TARGETED_DEVICE_FAMILY = "1,2";
			};
			name = Release;
		};
		3A74725F291D885600C5000D /* Debug */ = {
			isa = XCBuildConfiguration;
			buildSettings = {
				ALWAYS_EMBED_SWIFT_STANDARD_LIBRARIES = YES;
				BUNDLE_LOADER = "$(TEST_HOST)";
				CODE_SIGN_STYLE = Automatic;
				CURRENT_PROJECT_VERSION = 1;
				DEVELOPMENT_TEAM = 429ULDR6SS;
				GENERATE_INFOPLIST_FILE = YES;
				IPHONEOS_DEPLOYMENT_TARGET = 16.1;
				MARKETING_VERSION = 1.0;
				PRODUCT_BUNDLE_IDENTIFIER = none.com.blueRouteTests;
				PRODUCT_NAME = "$(TARGET_NAME)";
				SWIFT_EMIT_LOC_STRINGS = NO;
				SWIFT_VERSION = 5.0;
				TARGETED_DEVICE_FAMILY = "1,2";
				TEST_HOST = "$(BUILT_PRODUCTS_DIR)/blueRoute.app/$(BUNDLE_EXECUTABLE_FOLDER_PATH)/blueRoute";
			};
			name = Debug;
		};
		3A747260291D885600C5000D /* Release */ = {
			isa = XCBuildConfiguration;
			buildSettings = {
				ALWAYS_EMBED_SWIFT_STANDARD_LIBRARIES = YES;
				BUNDLE_LOADER = "$(TEST_HOST)";
				CODE_SIGN_STYLE = Automatic;
				CURRENT_PROJECT_VERSION = 1;
				DEVELOPMENT_TEAM = 429ULDR6SS;
				GENERATE_INFOPLIST_FILE = YES;
				IPHONEOS_DEPLOYMENT_TARGET = 16.1;
				MARKETING_VERSION = 1.0;
				PRODUCT_BUNDLE_IDENTIFIER = none.com.blueRouteTests;
				PRODUCT_NAME = "$(TARGET_NAME)";
				SWIFT_EMIT_LOC_STRINGS = NO;
				SWIFT_VERSION = 5.0;
				TARGETED_DEVICE_FAMILY = "1,2";
				TEST_HOST = "$(BUILT_PRODUCTS_DIR)/blueRoute.app/$(BUNDLE_EXECUTABLE_FOLDER_PATH)/blueRoute";
			};
			name = Release;
		};
		3A747262291D885600C5000D /* Debug */ = {
			isa = XCBuildConfiguration;
			buildSettings = {
				ALWAYS_EMBED_SWIFT_STANDARD_LIBRARIES = YES;
				CODE_SIGN_STYLE = Automatic;
				CURRENT_PROJECT_VERSION = 1;
				DEVELOPMENT_TEAM = 429ULDR6SS;
				GENERATE_INFOPLIST_FILE = YES;
				MARKETING_VERSION = 1.0;
				PRODUCT_BUNDLE_IDENTIFIER = none.com.blueRouteUITests;
				PRODUCT_NAME = "$(TARGET_NAME)";
				SWIFT_EMIT_LOC_STRINGS = NO;
				SWIFT_VERSION = 5.0;
				TARGETED_DEVICE_FAMILY = "1,2";
				TEST_TARGET_NAME = blueRoute;
			};
			name = Debug;
		};
		3A747263291D885600C5000D /* Release */ = {
			isa = XCBuildConfiguration;
			buildSettings = {
				ALWAYS_EMBED_SWIFT_STANDARD_LIBRARIES = YES;
				CODE_SIGN_STYLE = Automatic;
				CURRENT_PROJECT_VERSION = 1;
				DEVELOPMENT_TEAM = 429ULDR6SS;
				GENERATE_INFOPLIST_FILE = YES;
				MARKETING_VERSION = 1.0;
				PRODUCT_BUNDLE_IDENTIFIER = none.com.blueRouteUITests;
				PRODUCT_NAME = "$(TARGET_NAME)";
				SWIFT_EMIT_LOC_STRINGS = NO;
				SWIFT_VERSION = 5.0;
				TARGETED_DEVICE_FAMILY = "1,2";
				TEST_TARGET_NAME = blueRoute;
			};
			name = Release;
		};
/* End XCBuildConfiguration section */

/* Begin XCConfigurationList section */
		3A747232291D885500C5000D /* Build configuration list for PBXProject "blueRoute" */ = {
			isa = XCConfigurationList;
			buildConfigurations = (
				3A747259291D885600C5000D /* Debug */,
				3A74725A291D885600C5000D /* Release */,
			);
			defaultConfigurationIsVisible = 0;
			defaultConfigurationName = Release;
		};
		3A74725B291D885600C5000D /* Build configuration list for PBXNativeTarget "blueRoute" */ = {
			isa = XCConfigurationList;
			buildConfigurations = (
				3A74725C291D885600C5000D /* Debug */,
				3A74725D291D885600C5000D /* Release */,
			);
			defaultConfigurationIsVisible = 0;
			defaultConfigurationName = Release;
		};
		3A74725E291D885600C5000D /* Build configuration list for PBXNativeTarget "blueRouteTests" */ = {
			isa = XCConfigurationList;
			buildConfigurations = (
				3A74725F291D885600C5000D /* Debug */,
				3A747260291D885600C5000D /* Release */,
			);
			defaultConfigurationIsVisible = 0;
			defaultConfigurationName = Release;
		};
		3A747261291D885600C5000D /* Build configuration list for PBXNativeTarget "blueRouteUITests" */ = {
			isa = XCConfigurationList;
			buildConfigurations = (
				3A747262291D885600C5000D /* Debug */,
				3A747263291D885600C5000D /* Release */,
			);
			defaultConfigurationIsVisible = 0;
			defaultConfigurationName = Release;
		};
/* End XCConfigurationList section */
	};
	rootObject = 3A74722F291D885500C5000D /* Project object */;
}
